
Microsoft Visual Studio Solution File, Format Version 12.00
# Visual Studio Version 17
VisualStudioVersion = 17.10.34916.146
MinimumVisualStudioVersion = 10.0.40219.1
Project("{FAE04EC0-301F-11D3-BF4B-00C04F79EFBC}") = "Test", "Test.csproj", "{A93844E8-DC1D-4B8F-A3B1-E2BDD68DF798}"
EndProject
Global
	GlobalSection(SolutionConfigurationPlatforms) = preSolution
		Debug|Any CPU = Debug|Any CPU
		Release|Any CPU = Release|Any CPU
	EndGlobalSection
	GlobalSection(ProjectConfigurationPlatforms) = postSolution
		{A93844E8-DC1D-4B8F-A3B1-E2BDD68DF798}.Debug|Any CPU.ActiveCfg = Debug|Any CPU
		{A93844E8-DC1D-4B8F-A3B1-E2BDD68DF798}.Debug|Any CPU.Build.0 = Debug|Any CPU
		{A93844E8-DC1D-4B8F-A3B1-E2BDD68DF798}.Release|Any CPU.ActiveCfg = Release|Any CPU
		{A93844E8-DC1D-4B8F-A3B1-E2BDD68DF798}.Release|Any CPU.Build.0 = Release|Any CPU
	EndGlobalSection
	GlobalSection(SolutionProperties) = preSolution
		HideSolutionNode = FALSE
	EndGlobalSection
	GlobalSection(ExtensibilityGlobals) = postSolution
		SolutionGuid = {6CCD1769-3A9D-496A-8B66-7C2EBF270A3E}
	EndGlobalSection
EndGlobal
